{
  "name": "e2e",
  "version": "1.0.0",
  "lockfileVersion": 1,
  "requires": true,
  "dependencies": {
    "@types/jasmine": {
      "version": "2.6.0",
      "resolved": "https://registry.npmjs.org/@types/jasmine/-/jasmine-2.6.0.tgz",
      "integrity": "sha512-1ZZdFvYA5zARDXPj5+VF0bwDZWH/o0QQWJVDc5srdC/DngcCZXskR33eR/4PielGvBjLQpQOd6KiQbmtqVkeZA==",
      "dev": true
    },
    "@types/jasminewd2": {
      "version": "2.0.2",
      "resolved": "https://registry.npmjs.org/@types/jasminewd2/-/jasminewd2-2.0.2.tgz",
      "integrity": "sha1-X2jh5pe/ELxv2Mvy4Aaj1nEsW2Q=",
      "dev": true
    },
    "@types/node": {
      "version": "8.9.4",
      "resolved": "https://registry.npmjs.org/@types/node/-/node-8.9.4.tgz",
      "integrity": "sha512-dSvD36qnQs78G1BPsrZFdPpvLgMW/dnvr5+nTW2csMs5TiP9MOXrjUbnMZOEwnIuBklXtn7b6TPA2Cuq07bDHA==",
      "dev": true
    },
    "chai": {
      "version": "3.5.0",
      "resolved": "https://registry.npmjs.org/chai/-/chai-3.5.0.tgz",
      "integrity": "sha1-TQJjewZ/6Vi9v906QOxW/vc3Mkc=",
      "dev": true
    },
    "jasmine-core": {
      "version": "2.6.2",
      "resolved": "https://registry.npmjs.org/jasmine-core/-/jasmine-core-2.6.2.tgz",
      "integrity": "sha1-dOoffPQoaRryARB9YxI0AnoJ2qs=",
      "dev": true
    },
    "jasmine-reporters": {
      "version": "2.2.1",
      "resolved": "https://registry.npmjs.org/jasmine-reporters/-/jasmine-reporters-2.2.1.tgz",
      "integrity": "sha1-3pqSATZ4RiaefKit/1tEIhZx/L0=",
      "dev": true
    },
    "jasmine-spec-reporter": {
      "version": "4.1.0",
      "resolved": "https://registry.npmjs.org/jasmine-spec-reporter/-/jasmine-spec-reporter-4.1.0.tgz",
      "integrity": "sha1-uKp1hN9Y5Nq2Gs2++3bQlqo4Zj8=",
      "dev": true
    },
    "protractor": {
      "version": "5.4.1",
      "resolved": "https://registry.npmjs.org/protractor/-/protractor-5.4.1.tgz",
      "integrity": "sha512-ORey5ewQMYiXQxcQohsqEiKYOg/r5yJoJbt0tuROmmgajdg/CA3gTOZNIFJncUVMAJIk5YFqBBLUjKVmQO6tfA==",
      "dev": true,
      "dependencies": {
        "@types/node": {
          "version": "6.14.9",
          "resolved": "https://registry.npmjs.org/@types/node/-/node-6.14.9.tgz",
          "integrity": "sha512-leP/gxHunuazPdZaCvsCefPQxinqUDsCxCR5xaDUrY2MkYxQRFZZwU5e7GojyYsGB7QVtCi7iVEl/hoFXQYc+w=="
        },
        "minimist": {
          "version": "1.2.0",
          "resolved": "https://registry.npmjs.org/minimist/-/minimist-1.2.0.tgz",
          "integrity": "sha1-o1AIsg9BOD7sH7kU9M1d95omQoQ="
        },
        "webdriver-manager": {
          "version": "12.1.7",
          "resolved": "https://registry.npmjs.org/webdriver-manager/-/webdriver-manager-12.1.7.tgz",
          "integrity": "sha512-XINj6b8CYuUYC93SG3xPkxlyUc3IJbD6Vvo75CVGuG9uzsefDzWQrhz0Lq8vbPxtb4d63CZdYophF8k8Or/YiA=="
        }
      }
    },
    "protractor-html-reporter": {
      "version": "1.3.2",
      "resolved": "https://registry.npmjs.org/protractor-html-reporter/-/protractor-html-reporter-1.3.2.tgz",
      "integrity": "sha1-jAuSdge2ct+XyDxs5x0jmiRuAVQ=",
      "dev": true
    },
    "puppeteer": {
      "version": "1.9.0",
      "resolved": "https://registry.npmjs.org/puppeteer/-/puppeteer-1.9.0.tgz",
      "integrity": "sha512-GH4PmhJf9wBRAPvtJkEJLAvdNNOofZortmBZSj8cGWYni98GUFqsf66blOEfJbo5B8l0KG5HR2d/W2MejnUrzg==",
      "dev": true
    },
    "ts-node": {
      "version": "5.0.1",
      "resolved": "https://registry.npmjs.org/ts-node/-/ts-node-5.0.1.tgz",
      "integrity": "sha512-XK7QmDcNHVmZkVtkiwNDWiERRHPyU8nBqZB1+iv2UhOG0q3RQ9HsZ2CMqISlFbxjrYFGfG2mX7bW4dAyxBVzUw==",
      "dev": true,
      "dependencies": {
        "ansi-styles": {
          "version": "3.2.1",
          "resolved": "https://registry.npmjs.org/ansi-styles/-/ansi-styles-3.2.1.tgz",
          "integrity": "sha512-VT0ZI6kZRdTh8YyJw3SMbYm/u+NqfsAxEpWO0Pf9sq8/e94WxxOpPKx9FR1FlyCtOVDNOQ+8ntlqFxiRc+r5qA=="
        },
        "chalk": {
          "version": "2.4.2",
          "resolved": "https://registry.npmjs.org/chalk/-/chalk-2.4.2.tgz",
          "integrity": "sha512-Mti+f9lpJNcwF4tWV8/OrTTtF1gZi+f8FqlyAdouralcFWFQWF2+NgCHShjkCb+IFBLq9buZwE1xckQU4peSuQ=="
        },
        "minimist": {
          "version": "1.2.0",
          "resolved": "https://registry.npmjs.org/minimist/-/minimist-1.2.0.tgz",
          "integrity": "sha1-o1AIsg9BOD7sH7kU9M1d95omQoQ="
        },
        "source-map": {
          "version": "0.6.1",
          "resolved": "https://registry.npmjs.org/source-map/-/source-map-0.6.1.tgz",
          "integrity": "sha512-UjgapumWlbMhkBgzT7Ykc5YXUT46F0iKu8SGXq0bcwP5dz/h0Plj6enJqjz1Zbq2l5WaqYnrVbwWOWMyF3F47g=="
        },
        "source-map-support": {
          "version": "0.5.16",
          "resolved": "https://registry.npmjs.org/source-map-support/-/source-map-support-0.5.16.tgz",
          "integrity": "sha512-efyLRJDr68D9hBBNIPWFjhpFzURh+KJykQwvMyW5UiZzYwoF6l4YMMDIJJEyFWxWCqfyxLzz6tSfUFR+kXXsVQ=="
        },
        "supports-color": {
          "version": "5.5.0",
          "resolved": "https://registry.npmjs.org/supports-color/-/supports-color-5.5.0.tgz",
          "integrity": "sha512-QjVjwdXIt408MIiAqCX4oUKsgU2EqAGzs2Ppkm4aQYbjm+ZEWEcW4SfFNTr4uMNZma0ey4f5lgLrkB0aX0QMow=="
        }
      }
    },
    "typescript": {
      "version": "2.6.2",
      "resolved": "https://registry.npmjs.org/typescript/-/typescript-2.6.2.tgz",
      "integrity": "sha1-PFtv1/beCRQmkCfwPAlGdY92c6Q=",
      "dev": true
    },
    "wd": {
      "version": "1.9.0",
      "resolved": "https://registry.npmjs.org/wd/-/wd-1.9.0.tgz",
      "integrity": "sha512-etqaVS5YFPuwaBRXNFnG0UIoCJHIPoWbVgdbK0v8MQRPQx2sNJc/wu0cRzLEuQjhGt/b0NGxcO1CvA5IAqoWrg==",
      "dev": true,
      "dependencies": {
        "ajv": {
          "version": "5.5.2",
          "resolved": "https://registry.npmjs.org/ajv/-/ajv-5.5.2.tgz",
          "integrity": "sha1-c7Xuyj+rZT49P5Qis0GtQiBdyWU="
        },
        "fast-deep-equal": {
          "version": "1.1.0",
          "resolved": "https://registry.npmjs.org/fast-deep-equal/-/fast-deep-equal-1.1.0.tgz",
          "integrity": "sha1-wFNHeBfIa1HaqFPIHgWbcz0CNhQ="
        },
        "har-validator": {
          "version": "5.0.3",
          "resolved": "https://registry.npmjs.org/har-validator/-/har-validator-5.0.3.tgz",
          "integrity": "sha1-ukAsJmGU8VlW7xXg/PJCmT9qff0="
        },
        "json-schema-traverse": {
          "version": "0.3.1",
          "resolved": "https://registry.npmjs.org/json-schema-traverse/-/json-schema-traverse-0.3.1.tgz",
          "integrity": "sha1-NJptRMU6Ud6JtAgFxdXlm0F9M0A="
        },
        "lodash": {
          "version": "4.17.10",
          "resolved": "https://registry.npmjs.org/lodash/-/lodash-4.17.10.tgz",
          "integrity": "sha512-UejweD1pDoXu+AD825lWwp4ZGtSwgnpZxb3JDViD7StjQz+Nb/6l093lx4OQ0foGWNRoc19mWy7BzL+UAK2iVg=="
        },
        "oauth-sign": {
          "version": "0.8.2",
          "resolved": "https://registry.npmjs.org/oauth-sign/-/oauth-sign-0.8.2.tgz",
          "integrity": "sha1-Rqarfwrq2N6unsBWV4C31O/rnUM="
        },
        "punycode": {
          "version": "1.4.1",
          "resolved": "https://registry.npmjs.org/punycode/-/punycode-1.4.1.tgz",
          "integrity": "sha1-wNWmOycYgArY4esPpSachN1BhF4="
        },
        "request": {
          "version": "2.85.0",
          "resolved": "https://registry.npmjs.org/request/-/request-2.85.0.tgz",
          "integrity": "sha512-8H7Ehijd4js+s6wuVPLjwORxD4zeuyjYugprdOXlPSqaApmL/QOy+EB/beICHVCHkGMKNh5rvihb5ov+IDw4mg=="
        },
        "tough-cookie": {
          "version": "2.3.4",
          "resolved": "https://registry.npmjs.org/tough-cookie/-/tough-cookie-2.3.4.tgz",
          "integrity": "sha512-TZ6TTfI5NtZnuyy/Kecv+CnoROnyXn2DN97LontgQpCwsX2XyLYCC0ENhYkehSOwAp8rTQKc/NUIF7BkQ5rKLA=="
        }
      }
    },
    "wd-bridge": {
      "version": "0.0.2",
      "resolved": "https://registry.npmjs.org/wd-bridge/-/wd-bridge-0.0.2.tgz",
      "integrity": "sha1-QTSlblpdqUF0U5j3dDPQzXFLhBw=",
      "dev": true
    }
  }
}
